// !$*UTF8*$!
{
	archiveVersion = 1;
	classes = {
	};
	objectVersion = 51;
	objects = {

/* Begin PBXBuildFile section */
		042A9EF22925537F0022F35B /* AñadirCategoriaViewController.swift in Sources */ = {isa = PBXBuildFile; fileRef = 042A9EF12925537F0022F35B /* AñadirCategoriaViewController.swift */; };
		04357AB7292475DD00CFFF64 /* SnapsViewController.swift in Sources */ = {isa = PBXBuildFile; fileRef = 04357AB6292475DD00CFFF64 /* SnapsViewController.swift */; };
		0465D62729245E6A00176A00 /* GoogleService-Info.plist in Resources */ = {isa = PBXBuildFile; fileRef = 0465D62629245E6A00176A00 /* GoogleService-Info.plist */; };
		04751AFF2925522D008E54E7 /* Categorias.swift in Sources */ = {isa = PBXBuildFile; fileRef = 04751AFE2925522D008E54E7 /* Categorias.swift */; };
		04751B012925523D008E54E7 /* Objetos.swift in Sources */ = {isa = PBXBuildFile; fileRef = 04751B002925523D008E54E7 /* Objetos.swift */; };
		04AB19EB29245C6200D06606 /* AppDelegate.swift in Sources */ = {isa = PBXBuildFile; fileRef = 04AB19EA29245C6200D06606 /* AppDelegate.swift */; };
		04AB19ED29245C6200D06606 /* SceneDelegate.swift in Sources */ = {isa = PBXBuildFile; fileRef = 04AB19EC29245C6200D06606 /* SceneDelegate.swift */; };
		04AB19EF29245C6200D06606 /* ViewController.swift in Sources */ = {isa = PBXBuildFile; fileRef = 04AB19EE29245C6200D06606 /* ViewController.swift */; };
		04AB19F229245C6200D06606 /* Main.storyboard in Resources */ = {isa = PBXBuildFile; fileRef = 04AB19F029245C6200D06606 /* Main.storyboard */; };
		04AB19F429245C6500D06606 /* Assets.xcassets in Resources */ = {isa = PBXBuildFile; fileRef = 04AB19F329245C6500D06606 /* Assets.xcassets */; };
		04AB19F729245C6500D06606 /* LaunchScreen.storyboard in Resources */ = {isa = PBXBuildFile; fileRef = 04AB19F529245C6500D06606 /* LaunchScreen.storyboard */; };
		C6C10E5C6AA805EF6838E349 /* Pods_ProyectoFinal.framework in Frameworks */ = {isa = PBXBuildFile; fileRef = 97D0AE6B8EEA7E4B9A6EFE6B /* Pods_ProyectoFinal.framework */; };
/* End PBXBuildFile section */

/* Begin PBXFileReference section */
		042A9EF12925537F0022F35B /* AñadirCategoriaViewController.swift */ = {isa = PBXFileReference; lastKnownFileType = sourcecode.swift; path = "AñadirCategoriaViewController.swift"; sourceTree = "<group>"; };
		04357AB52924755E00CFFF64 /* ProyectoFinal.entitlements */ = {isa = PBXFileReference; lastKnownFileType = text.plist.entitlements; path = ProyectoFinal.entitlements; sourceTree = "<group>"; };
		04357AB6292475DD00CFFF64 /* SnapsViewController.swift */ = {isa = PBXFileReference; lastKnownFileType = sourcecode.swift; path = SnapsViewController.swift; sourceTree = "<group>"; };
		0465D62629245E6A00176A00 /* GoogleService-Info.plist */ = {isa = PBXFileReference; fileEncoding = 4; lastKnownFileType = text.plist.xml; path = "GoogleService-Info.plist"; sourceTree = "<group>"; };
		04751AFE2925522D008E54E7 /* Categorias.swift */ = {isa = PBXFileReference; lastKnownFileType = sourcecode.swift; path = Categorias.swift; sourceTree = "<group>"; };
		04751B002925523D008E54E7 /* Objetos.swift */ = {isa = PBXFileReference; lastKnownFileType = sourcecode.swift; path = Objetos.swift; sourceTree = "<group>"; };
		04AB19E729245C6200D06606 /* ProyectoFinal.app */ = {isa = PBXFileReference; explicitFileType = wrapper.application; includeInIndex = 0; path = ProyectoFinal.app; sourceTree = BUILT_PRODUCTS_DIR; };
		04AB19EA29245C6200D06606 /* AppDelegate.swift */ = {isa = PBXFileReference; lastKnownFileType = sourcecode.swift; path = AppDelegate.swift; sourceTree = "<group>"; };
		04AB19EC29245C6200D06606 /* SceneDelegate.swift */ = {isa = PBXFileReference; lastKnownFileType = sourcecode.swift; path = SceneDelegate.swift; sourceTree = "<group>"; };
		04AB19EE29245C6200D06606 /* ViewController.swift */ = {isa = PBXFileReference; lastKnownFileType = sourcecode.swift; path = ViewController.swift; sourceTree = "<group>"; };
		04AB19F129245C6200D06606 /* Base */ = {isa = PBXFileReference; lastKnownFileType = file.storyboard; name = Base; path = Base.lproj/Main.storyboard; sourceTree = "<group>"; };
		04AB19F329245C6500D06606 /* Assets.xcassets */ = {isa = PBXFileReference; lastKnownFileType = folder.assetcatalog; path = Assets.xcassets; sourceTree = "<group>"; };
		04AB19F629245C6500D06606 /* Base */ = {isa = PBXFileReference; lastKnownFileType = file.storyboard; name = Base; path = Base.lproj/LaunchScreen.storyboard; sourceTree = "<group>"; };
		04AB19F829245C6500D06606 /* Info.plist */ = {isa = PBXFileReference; lastKnownFileType = text.plist.xml; path = Info.plist; sourceTree = "<group>"; };
		31828EE9DE7C0387E4FECE42 /* Pods-ProyectoFinal.release.xcconfig */ = {isa = PBXFileReference; includeInIndex = 1; lastKnownFileType = text.xcconfig; name = "Pods-ProyectoFinal.release.xcconfig"; path = "Target Support Files/Pods-ProyectoFinal/Pods-ProyectoFinal.release.xcconfig"; sourceTree = "<group>"; };
		5DA14792642953B913C699BB /* Pods-ProyectoFinal.debug.xcconfig */ = {isa = PBXFileReference; includeInIndex = 1; lastKnownFileType = text.xcconfig; name = "Pods-ProyectoFinal.debug.xcconfig"; path = "Target Support Files/Pods-ProyectoFinal/Pods-ProyectoFinal.debug.xcconfig"; sourceTree = "<group>"; };
		97D0AE6B8EEA7E4B9A6EFE6B /* Pods_ProyectoFinal.framework */ = {isa = PBXFileReference; explicitFileType = wrapper.framework; includeInIndex = 0; path = Pods_ProyectoFinal.framework; sourceTree = BUILT_PRODUCTS_DIR; };
/* End PBXFileReference section */

/* Begin PBXFrameworksBuildPhase section */
		04AB19E429245C6200D06606 /* Frameworks */ = {
			isa = PBXFrameworksBuildPhase;
			buildActionMask = 2147483647;
			files = (
				C6C10E5C6AA805EF6838E349 /* Pods_ProyectoFinal.framework in Frameworks */,
			);
			runOnlyForDeploymentPostprocessing = 0;
		};
/* End PBXFrameworksBuildPhase section */

/* Begin PBXGroup section */
		004C8E4673D2014CC24E2652 /* Frameworks */ = {
			isa = PBXGroup;
			children = (
				97D0AE6B8EEA7E4B9A6EFE6B /* Pods_ProyectoFinal.framework */,
			);
			name = Frameworks;
			sourceTree = "<group>";
		};
		04751AF829254F17008E54E7 /* Modelos */ = {
			isa = PBXGroup;
			children = (
				04751AFE2925522D008E54E7 /* Categorias.swift */,
				04751B002925523D008E54E7 /* Objetos.swift */,
			);
			path = Modelos;
			sourceTree = "<group>";
		};
		04751AF929254F20008E54E7 /* ViewControllers */ = {
			isa = PBXGroup;
			children = (
				04AB19EE29245C6200D06606 /* ViewController.swift */,
				04357AB6292475DD00CFFF64 /* SnapsViewController.swift */,
				042A9EF12925537F0022F35B /* AñadirCategoriaViewController.swift */,
			);
			path = ViewControllers;
			sourceTree = "<group>";
		};
		04AB19DE29245C6200D06606 = {
			isa = PBXGroup;
			children = (
				04AB19E929245C6200D06606 /* ProyectoFinal */,
				04AB19E829245C6200D06606 /* Products */,
				52E56CFAB58D5BA042B8836D /* Pods */,
				004C8E4673D2014CC24E2652 /* Frameworks */,
			);
			sourceTree = "<group>";
		};
		04AB19E829245C6200D06606 /* Products */ = {
			isa = PBXGroup;
			children = (
				04AB19E729245C6200D06606 /* ProyectoFinal.app */,
			);
			name = Products;
			sourceTree = "<group>";
		};
		04AB19E929245C6200D06606 /* ProyectoFinal */ = {
			isa = PBXGroup;
			children = (
				04751AF829254F17008E54E7 /* Modelos */,
				04751AF929254F20008E54E7 /* ViewControllers */,
				04357AB52924755E00CFFF64 /* ProyectoFinal.entitlements */,
				0465D62629245E6A00176A00 /* GoogleService-Info.plist */,
				04AB19EA29245C6200D06606 /* AppDelegate.swift */,
				04AB19EC29245C6200D06606 /* SceneDelegate.swift */,
				04AB19F029245C6200D06606 /* Main.storyboard */,
				04AB19F329245C6500D06606 /* Assets.xcassets */,
				04AB19F529245C6500D06606 /* LaunchScreen.storyboard */,
				04AB19F829245C6500D06606 /* Info.plist */,
			);
			path = ProyectoFinal;
			sourceTree = "<group>";
		};
		52E56CFAB58D5BA042B8836D /* Pods */ = {
			isa = PBXGroup;
			children = (
				5DA14792642953B913C699BB /* Pods-ProyectoFinal.debug.xcconfig */,
				31828EE9DE7C0387E4FECE42 /* Pods-ProyectoFinal.release.xcconfig */,
			);
			path = Pods;
			sourceTree = "<group>";
		};
/* End PBXGroup section */

/* Begin PBXNativeTarget section */
		04AB19E629245C6200D06606 /* ProyectoFinal */ = {
			isa = PBXNativeTarget;
			buildConfigurationList = 04AB19FB29245C6500D06606 /* Build configuration list for PBXNativeTarget "ProyectoFinal" */;
			buildPhases = (
				6680428B3B4286936909F183 /* [CP] Check Pods Manifest.lock */,
				04AB19E329245C6200D06606 /* Sources */,
				04AB19E429245C6200D06606 /* Frameworks */,
				04AB19E529245C6200D06606 /* Resources */,
				04A78AABF6E98C0EDCA9219D /* [CP] Embed Pods Frameworks */,
				D6613BE7D3E10D92AFE8E574 /* [CP] Copy Pods Resources */,
			);
			buildRules = (
			);
			dependencies = (
			);
			name = ProyectoFinal;
			productName = ProyectoFinal;
			productReference = 04AB19E729245C6200D06606 /* ProyectoFinal.app */;
			productType = "com.apple.product-type.application";
		};
/* End PBXNativeTarget section */

/* Begin PBXProject section */
		04AB19DF29245C6200D06606 /* Project object */ = {
			isa = PBXProject;
			attributes = {
				LastSwiftUpdateCheck = 1130;
				LastUpgradeCheck = 1130;
				ORGANIZATIONNAME = Diego;
				TargetAttributes = {
					04AB19E629245C6200D06606 = {
						CreatedOnToolsVersion = 11.3.1;
					};
				};
			};
			buildConfigurationList = 04AB19E229245C6200D06606 /* Build configuration list for PBXProject "ProyectoFinal" */;
			compatibilityVersion = "Xcode 9.3";
			developmentRegion = en;
			hasScannedForEncodings = 0;
			knownRegions = (
				en,
				Base,
			);
			mainGroup = 04AB19DE29245C6200D06606;
			productRefGroup = 04AB19E829245C6200D06606 /* Products */;
			projectDirPath = "";
			projectRoot = "";
			targets = (
				04AB19E629245C6200D06606 /* ProyectoFinal */,
			);
		};
/* End PBXProject section */

/* Begin PBXResourcesBuildPhase section */
		04AB19E529245C6200D06606 /* Resources */ = {
			isa = PBXResourcesBuildPhase;
			buildActionMask = 2147483647;
			files = (
				04AB19F729245C6500D06606 /* LaunchScreen.storyboard in Resources */,
				0465D62729245E6A00176A00 /* GoogleService-Info.plist in Resources */,
				04AB19F429245C6500D06606 /* Assets.xcassets in Resources */,
				04AB19F229245C6200D06606 /* Main.storyboard in Resources */,
			);
			runOnlyForDeploymentPostprocessing = 0;
		};
/* End PBXResourcesBuildPhase section */

/* Begin PBXShellScriptBuildPhase section */
		04A78AABF6E98C0EDCA9219D /* [CP] Embed Pods Frameworks */ = {
			isa = PBXShellScriptBuildPhase;
			buildActionMask = 2147483647;
			files = (
			);
			inputFileListPaths = (
				"${PODS_ROOT}/Target Support Files/Pods-ProyectoFinal/Pods-ProyectoFinal-frameworks-${CONFIGURATION}-input-files.xcfilelist",
			);
			name = "[CP] Embed Pods Frameworks";
			outputFileListPaths = (
				"${PODS_ROOT}/Target Support Files/Pods-ProyectoFinal/Pods-ProyectoFinal-frameworks-${CONFIGURATION}-output-files.xcfilelist",
			);
			runOnlyForDeploymentPostprocessing = 0;
			shellPath = /bin/sh;
			shellScript = "\"${PODS_ROOT}/Target Support Files/Pods-ProyectoFinal/Pods-ProyectoFinal-frameworks.sh\"\n";
			showEnvVarsInLog = 0;
		};
		6680428B3B4286936909F183 /* [CP] Check Pods Manifest.lock */ = {
			isa = PBXShellScriptBuildPhase;
			buildActionMask = 2147483647;
			files = (
			);
			inputFileListPaths = (
			);
			inputPaths = (
				"${PODS_PODFILE_DIR_PATH}/Podfile.lock",
				"${PODS_ROOT}/Manifest.lock",
			);
			name = "[CP] Check Pods Manifest.lock";
			outputFileListPaths = (
			);
			outputPaths = (
				"$(DERIVED_FILE_DIR)/Pods-ProyectoFinal-checkManifestLockResult.txt",
			);
			runOnlyForDeploymentPostprocessing = 0;
			shellPath = /bin/sh;
			shellScript = "diff \"${PODS_PODFILE_DIR_PATH}/Podfile.lock\" \"${PODS_ROOT}/Manifest.lock\" > /dev/null\nif [ $? != 0 ] ; then\n    # print error to STDERR\n    echo \"error: The sandbox is not in sync with the Podfile.lock. Run 'pod install' or update your CocoaPods installation.\" >&2\n    exit 1\nfi\n# This output is used by Xcode 'outputs' to avoid re-running this script phase.\necho \"SUCCESS\" > \"${SCRIPT_OUTPUT_FILE_0}\"\n";
			showEnvVarsInLog = 0;
		};
		D6613BE7D3E10D92AFE8E574 /* [CP] Copy Pods Resources */ = {
			isa = PBXShellScriptBuildPhase;
			buildActionMask = 2147483647;
			files = (
			);
			inputFileListPaths = (
				"${PODS_ROOT}/Target Support Files/Pods-ProyectoFinal/Pods-ProyectoFinal-resources-${CONFIGURATION}-input-files.xcfilelist",
			);
			name = "[CP] Copy Pods Resources";
			outputFileListPaths = (
				"${PODS_ROOT}/Target Support Files/Pods-ProyectoFinal/Pods-ProyectoFinal-resources-${CONFIGURATION}-output-files.xcfilelist",
			);
			runOnlyForDeploymentPostprocessing = 0;
			shellPath = /bin/sh;
			shellScript = "\"${PODS_ROOT}/Target Support Files/Pods-ProyectoFinal/Pods-ProyectoFinal-resources.sh\"\n";
			showEnvVarsInLog = 0;
		};
/* End PBXShellScriptBuildPhase section */

/* Begin PBXSourcesBuildPhase section */
		04AB19E329245C6200D06606 /* Sources */ = {
			isa = PBXSourcesBuildPhase;
			buildActionMask = 2147483647;
			files = (
				04357AB7292475DD00CFFF64 /* SnapsViewController.swift in Sources */,
				04AB19EF29245C6200D06606 /* ViewController.swift in Sources */,
				04751AFF2925522D008E54E7 /* Categorias.swift in Sources */,
				04AB19EB29245C6200D06606 /* AppDelegate.swift in Sources */,
				04751B012925523D008E54E7 /* Objetos.swift in Sources */,
				042A9EF22925537F0022F35B /* AñadirCategoriaViewController.swift in Sources */,
				04AB19ED29245C6200D06606 /* SceneDelegate.swift in Sources */,
			);
			runOnlyForDeploymentPostprocessing = 0;
		};
/* End PBXSourcesBuildPhase section */

/* Begin PBXVariantGroup section */
		04AB19F029245C6200D06606 /* Main.storyboard */ = {
			isa = PBXVariantGroup;
			children = (
				04AB19F129245C6200D06606 /* Base */,
			);
			name = Main.storyboard;
			sourceTree = "<group>";
		};
		04AB19F529245C6500D06606 /* LaunchScreen.storyboard */ = {
			isa = PBXVariantGroup;
			children = (
				04AB19F629245C6500D06606 /* Base */,
			);
			name = LaunchScreen.storyboard;
			sourceTree = "<group>";
		};
/* End PBXVariantGroup section */

/* Begin XCBuildConfiguration section */
		04AB19F929245C6500D06606 /* Debug */ = {
			isa = XCBuildConfiguration;
			buildSettings = {
				ALWAYS_SEARCH_USER_PATHS = NO;
				CLANG_ANALYZER_NONNULL = YES;
				CLANG_ANALYZER_NUMBER_OBJECT_CONVERSION = YES_AGGRESSIVE;
				CLANG_CXX_LANGUAGE_STANDARD = "gnu++14";
				CLANG_CXX_LIBRARY = "libc++";
				CLANG_ENABLE_MODULES = YES;
				CLANG_ENABLE_OBJC_ARC = YES;
				CLANG_ENABLE_OBJC_WEAK = YES;
				CLANG_WARN_BLOCK_CAPTURE_AUTORELEASING = YES;
				CLANG_WARN_BOOL_CONVERSION = YES;
				CLANG_WARN_COMMA = YES;
				CLANG_WARN_CONSTANT_CONVERSION = YES;
				CLANG_WARN_DEPRECATED_OBJC_IMPLEMENTATIONS = YES;
				CLANG_WARN_DIRECT_OBJC_ISA_USAGE = YES_ERROR;
				CLANG_WARN_DOCUMENTATION_COMMENTS = YES;
				CLANG_WARN_EMPTY_BODY = YES;
				CLANG_WARN_ENUM_CONVERSION = YES;
				CLANG_WARN_INFINITE_RECURSION = YES;
				CLANG_WARN_INT_CONVERSION = YES;
				CLANG_WARN_NON_LITERAL_NULL_CONVERSION = YES;
				CLANG_WARN_OBJC_IMPLICIT_RETAIN_SELF = YES;
				CLANG_WARN_OBJC_LITERAL_CONVERSION = YES;
				CLANG_WARN_OBJC_ROOT_CLASS = YES_ERROR;
				CLANG_WARN_RANGE_LOOP_ANALYSIS = YES;
				CLANG_WARN_STRICT_PROTOTYPES = YES;
				CLANG_WARN_SUSPICIOUS_MOVE = YES;
				CLANG_WARN_UNGUARDED_AVAILABILITY = YES_AGGRESSIVE;
				CLANG_WARN_UNREACHABLE_CODE = YES;
				CLANG_WARN__DUPLICATE_METHOD_MATCH = YES;
				COPY_PHASE_STRIP = NO;
				DEBUG_INFORMATION_FORMAT = dwarf;
				ENABLE_STRICT_OBJC_MSGSEND = YES;
				ENABLE_TESTABILITY = YES;
				GCC_C_LANGUAGE_STANDARD = gnu11;
				GCC_DYNAMIC_NO_PIC = NO;
				GCC_NO_COMMON_BLOCKS = YES;
				GCC_OPTIMIZATION_LEVEL = 0;
				GCC_PREPROCESSOR_DEFINITIONS = (
					"DEBUG=1",
					"$(inherited)",
				);
				GCC_WARN_64_TO_32_BIT_CONVERSION = YES;
				GCC_WARN_ABOUT_RETURN_TYPE = YES_ERROR;
				GCC_WARN_UNDECLARED_SELECTOR = YES;
				GCC_WARN_UNINITIALIZED_AUTOS = YES_AGGRESSIVE;
				GCC_WARN_UNUSED_FUNCTION = YES;
				GCC_WARN_UNUSED_VARIABLE = YES;
				IPHONEOS_DEPLOYMENT_TARGET = 13.2;
				MTL_ENABLE_DEBUG_INFO = INCLUDE_SOURCE;
				MTL_FAST_MATH = YES;
				ONLY_ACTIVE_ARCH = YES;
				SDKROOT = iphoneos;
				SWIFT_ACTIVE_COMPILATION_CONDITIONS = DEBUG;
				SWIFT_OPTIMIZATION_LEVEL = "-Onone";
			};
			name = Debug;
		};
		04AB19FA29245C6500D06606 /* Release */ = {
			isa = XCBuildConfiguration;
			buildSettings = {
				ALWAYS_SEARCH_USER_PATHS = NO;
				CLANG_ANALYZER_NONNULL = YES;
				CLANG_ANALYZER_NUMBER_OBJECT_CONVERSION = YES_AGGRESSIVE;
				CLANG_CXX_LANGUAGE_STANDARD = "gnu++14";
				CLANG_CXX_LIBRARY = "libc++";
				CLANG_ENABLE_MODULES = YES;
				CLANG_ENABLE_OBJC_ARC = YES;
				CLANG_ENABLE_OBJC_WEAK = YES;
				CLANG_WARN_BLOCK_CAPTURE_AUTORELEASING = YES;
				CLANG_WARN_BOOL_CONVERSION = YES;
				CLANG_WARN_COMMA = YES;
				CLANG_WARN_CONSTANT_CONVERSION = YES;
				CLANG_WARN_DEPRECATED_OBJC_IMPLEMENTATIONS = YES;
				CLANG_WARN_DIRECT_OBJC_ISA_USAGE = YES_ERROR;
				CLANG_WARN_DOCUMENTATION_COMMENTS = YES;
				CLANG_WARN_EMPTY_BODY = YES;
				CLANG_WARN_ENUM_CONVERSION = YES;
				CLANG_WARN_INFINITE_RECURSION = YES;
				CLANG_WARN_INT_CONVERSION = YES;
				CLANG_WARN_NON_LITERAL_NULL_CONVERSION = YES;
				CLANG_WARN_OBJC_IMPLICIT_RETAIN_SELF = YES;
				CLANG_WARN_OBJC_LITERAL_CONVERSION = YES;
				CLANG_WARN_OBJC_ROOT_CLASS = YES_ERROR;
				CLANG_WARN_RANGE_LOOP_ANALYSIS = YES;
				CLANG_WARN_STRICT_PROTOTYPES = YES;
				CLANG_WARN_SUSPICIOUS_MOVE = YES;
				CLANG_WARN_UNGUARDED_AVAILABILITY = YES_AGGRESSIVE;
				CLANG_WARN_UNREACHABLE_CODE = YES;
				CLANG_WARN__DUPLICATE_METHOD_MATCH = YES;
				COPY_PHASE_STRIP = NO;
				DEBUG_INFORMATION_FORMAT = "dwarf-with-dsym";
				ENABLE_NS_ASSERTIONS = NO;
				ENABLE_STRICT_OBJC_MSGSEND = YES;
				GCC_C_LANGUAGE_STANDARD = gnu11;
				GCC_NO_COMMON_BLOCKS = YES;
				GCC_WARN_64_TO_32_BIT_CONVERSION = YES;
				GCC_WARN_ABOUT_RETURN_TYPE = YES_ERROR;
				GCC_WARN_UNDECLARED_SELECTOR = YES;
				GCC_WARN_UNINITIALIZED_AUTOS = YES_AGGRESSIVE;
				GCC_WARN_UNUSED_FUNCTION = YES;
				GCC_WARN_UNUSED_VARIABLE = YES;
				IPHONEOS_DEPLOYMENT_TARGET = 13.2;
				MTL_ENABLE_DEBUG_INFO = NO;
				MTL_FAST_MATH = YES;
				SDKROOT = iphoneos;
				SWIFT_COMPILATION_MODE = wholemodule;
				SWIFT_OPTIMIZATION_LEVEL = "-O";
				VALIDATE_PRODUCT = YES;
			};
			name = Release;
		};
		04AB19FC29245C6500D06606 /* Debug */ = {
			isa = XCBuildConfiguration;
			baseConfigurationReference = 5DA14792642953B913C699BB /* Pods-ProyectoFinal.debug.xcconfig */;
			buildSettings = {
				ASSETCATALOG_COMPILER_APPICON_NAME = AppIcon;
				CODE_SIGN_ENTITLEMENTS = ProyectoFinal/ProyectoFinal.entitlements;
				CODE_SIGN_STYLE = Automatic;
				INFOPLIST_FILE = ProyectoFinal/Info.plist;
				LD_RUNPATH_SEARCH_PATHS = (
					"$(inherited)",
					"@executable_path/Frameworks",
				);
				PRODUCT_BUNDLE_IDENTIFIER = com.miempresa.ProyectoFinal;
				PRODUCT_NAME = "$(TARGET_NAME)";
				SWIFT_VERSION = 5.0;
				TARGETED_DEVICE_FAMILY = "1,2";
			};
			name = Debug;
		};
		04AB19FD29245C6500D06606 /* Release */ = {
			isa = XCBuildConfiguration;
			baseConfigurationReference = 31828EE9DE7C0387E4FECE42 /* Pods-ProyectoFinal.release.xcconfig */;
			buildSettings = {
				ASSETCATALOG_COMPILER_APPICON_NAME = AppIcon;
				CODE_SIGN_ENTITLEMENTS = ProyectoFinal/ProyectoFinal.entitlements;
				CODE_SIGN_STYLE = Automatic;
				INFOPLIST_FILE = ProyectoFinal/Info.plist;
				LD_RUNPATH_SEARCH_PATHS = (
					"$(inherited)",
					"@executable_path/Frameworks",
				);
				PRODUCT_BUNDLE_IDENTIFIER = com.miempresa.ProyectoFinal;
				PRODUCT_NAME = "$(TARGET_NAME)";
				SWIFT_VERSION = 5.0;
				TARGETED_DEVICE_FAMILY = "1,2";
			};
			name = Release;
		};
/* End XCBuildConfiguration section */

/* Begin XCConfigurationList section */
		04AB19E229245C6200D06606 /* Build configuration list for PBXProject "ProyectoFinal" */ = {
			isa = XCConfigurationList;
			buildConfigurations = (
				04AB19F929245C6500D06606 /* Debug */,
				04AB19FA29245C6500D06606 /* Release */,
			);
			defaultConfigurationIsVisible = 0;
			defaultConfigurationName = Release;
		};
		04AB19FB29245C6500D06606 /* Build configuration list for PBXNativeTarget "ProyectoFinal" */ = {
			isa = XCConfigurationList;
			buildConfigurations = (
				04AB19FC29245C6500D06606 /* Debug */,
				04AB19FD29245C6500D06606 /* Release */,
			);
			defaultConfigurationIsVisible = 0;
			defaultConfigurationName = Release;
		};
/* End XCConfigurationList section */
	};
	rootObject = 04AB19DF29245C6200D06606 /* Project object */;
}
